// !$*UTF8*$!
{
	archiveVersion = 1;
	classes = {
	};
	objectVersion = 46;
	objects = {

/* Begin PBXBuildFile section */
		84F9326518EEE6630006B2AB /* QBPopupMenu.m in Sources */ = {isa = PBXBuildFile; fileRef = 84F9326018EEE6630006B2AB /* QBPopupMenu.m */; };
		84F9326618EEE6630006B2AB /* QBPopupMenuItem.m in Sources */ = {isa = PBXBuildFile; fileRef = 84F9326218EEE6630006B2AB /* QBPopupMenuItem.m */; };
		84F9326718EEE6630006B2AB /* QBPopupMenuOverlayView.m in Sources */ = {isa = PBXBuildFile; fileRef = 84F9326418EEE6630006B2AB /* QBPopupMenuOverlayView.m */; };
		84FF533E18ED6AC300A5A1E6 /* album.m in Sources */ = {isa = PBXBuildFile; fileRef = 84FF533D18ED6AC300A5A1E6 /* album.m */; };
		9624FD7918EF574300771266 /* photo.m in Sources */ = {isa = PBXBuildFile; fileRef = 9624FD7818EF574300771266 /* photo.m */; };
		96AC619018F0A93200D978E9 /* defaultImageForAlbum.jpg in Resources */ = {isa = PBXBuildFile; fileRef = 96AC618F18F0A93200D978E9 /* defaultImageForAlbum.jpg */; };
		96E518C918ECA50300604159 /* UIKit.framework in Frameworks */ = {isa = PBXBuildFile; fileRef = 96E518C818ECA50300604159 /* UIKit.framework */; };
		96E518CB18ECA50300604159 /* Foundation.framework in Frameworks */ = {isa = PBXBuildFile; fileRef = 96E518CA18ECA50300604159 /* Foundation.framework */; };
		96E518CD18ECA50300604159 /* CoreGraphics.framework in Frameworks */ = {isa = PBXBuildFile; fileRef = 96E518CC18ECA50300604159 /* CoreGraphics.framework */; };
		96E518D318ECA50300604159 /* InfoPlist.strings in Resources */ = {isa = PBXBuildFile; fileRef = 96E518D118ECA50300604159 /* InfoPlist.strings */; };
		96E518D518ECA50300604159 /* main.m in Sources */ = {isa = PBXBuildFile; fileRef = 96E518D418ECA50300604159 /* main.m */; };
		96E518D918ECA50300604159 /* AppDelegate.m in Sources */ = {isa = PBXBuildFile; fileRef = 96E518D818ECA50300604159 /* AppDelegate.m */; };
		96E518DB18ECA50300604159 /* Default.png in Resources */ = {isa = PBXBuildFile; fileRef = 96E518DA18ECA50300604159 /* Default.png */; };
		96E518DD18ECA50300604159 /* Default@2x.png in Resources */ = {isa = PBXBuildFile; fileRef = 96E518DC18ECA50300604159 /* Default@2x.png */; };
		96E518DF18ECA50300604159 /* Default-568h@2x.png in Resources */ = {isa = PBXBuildFile; fileRef = 96E518DE18ECA50300604159 /* Default-568h@2x.png */; };
		96E518E218ECA50300604159 /* MainStoryboard.storyboard in Resources */ = {isa = PBXBuildFile; fileRef = 96E518E018ECA50300604159 /* MainStoryboard.storyboard */; };
		96E518E518ECA50300604159 /* albomViewController.m in Sources */ = {isa = PBXBuildFile; fileRef = 96E518E418ECA50300604159 /* albomViewController.m */; };
		96E518ED18ECA53C00604159 /* mySingleton.m in Sources */ = {isa = PBXBuildFile; fileRef = 96E518EC18ECA53C00604159 /* mySingleton.m */; };
		96E518F718ECA79100604159 /* FXImageView.m in Sources */ = {isa = PBXBuildFile; fileRef = 96E518F118ECA79100604159 /* FXImageView.m */; };
		96E518F818ECA79100604159 /* UIImage+FX.m in Sources */ = {isa = PBXBuildFile; fileRef = 96E518F318ECA79100604159 /* UIImage+FX.m */; };
		96E518F918ECA79100604159 /* iCarousel.m in Sources */ = {isa = PBXBuildFile; fileRef = 96E518F618ECA79100604159 /* iCarousel.m */; };
		96E518FB18ECA94A00604159 /* QuartzCore.framework in Frameworks */ = {isa = PBXBuildFile; fileRef = 96E518FA18ECA94A00604159 /* QuartzCore.framework */; };
		96E518FE18ECB40F00604159 /* photoViewController.m in Sources */ = {isa = PBXBuildFile; fileRef = 96E518FD18ECB40F00604159 /* photoViewController.m */; };
/* End PBXBuildFile section */

/* Begin PBXFileReference section */
		84F9325F18EEE6630006B2AB /* QBPopupMenu.h */ = {isa = PBXFileReference; fileEncoding = 4; lastKnownFileType = sourcecode.c.h; path = QBPopupMenu.h; sourceTree = "<group>"; };
		84F9326018EEE6630006B2AB /* QBPopupMenu.m */ = {isa = PBXFileReference; fileEncoding = 4; lastKnownFileType = sourcecode.c.objc; path = QBPopupMenu.m; sourceTree = "<group>"; };
		84F9326118EEE6630006B2AB /* QBPopupMenuItem.h */ = {isa = PBXFileReference; fileEncoding = 4; lastKnownFileType = sourcecode.c.h; path = QBPopupMenuItem.h; sourceTree = "<group>"; };
		84F9326218EEE6630006B2AB /* QBPopupMenuItem.m */ = {isa = PBXFileReference; fileEncoding = 4; lastKnownFileType = sourcecode.c.objc; path = QBPopupMenuItem.m; sourceTree = "<group>"; };
		84F9326318EEE6630006B2AB /* QBPopupMenuOverlayView.h */ = {isa = PBXFileReference; fileEncoding = 4; lastKnownFileType = sourcecode.c.h; path = QBPopupMenuOverlayView.h; sourceTree = "<group>"; };
		84F9326418EEE6630006B2AB /* QBPopupMenuOverlayView.m */ = {isa = PBXFileReference; fileEncoding = 4; lastKnownFileType = sourcecode.c.objc; path = QBPopupMenuOverlayView.m; sourceTree = "<group>"; };
		84FF533C18ED6AC300A5A1E6 /* album.h */ = {isa = PBXFileReference; fileEncoding = 4; lastKnownFileType = sourcecode.c.h; path = album.h; sourceTree = "<group>"; };
		84FF533D18ED6AC300A5A1E6 /* album.m */ = {isa = PBXFileReference; fileEncoding = 4; lastKnownFileType = sourcecode.c.objc; path = album.m; sourceTree = "<group>"; };
		9624FD7718EF574200771266 /* photo.h */ = {isa = PBXFileReference; fileEncoding = 4; lastKnownFileType = sourcecode.c.h; path = photo.h; sourceTree = "<group>"; };
		9624FD7818EF574300771266 /* photo.m */ = {isa = PBXFileReference; fileEncoding = 4; lastKnownFileType = sourcecode.c.objc; path = photo.m; sourceTree = "<group>"; };
		96AC618F18F0A93200D978E9 /* defaultImageForAlbum.jpg */ = {isa = PBXFileReference; lastKnownFileType = image.jpeg; path = defaultImageForAlbum.jpg; sourceTree = "<group>"; };
		96E518C518ECA50300604159 /* photoAlbum.app */ = {isa = PBXFileReference; explicitFileType = wrapper.application; includeInIndex = 0; path = photoAlbum.app; sourceTree = BUILT_PRODUCTS_DIR; };
		96E518C818ECA50300604159 /* UIKit.framework */ = {isa = PBXFileReference; lastKnownFileType = wrapper.framework; name = UIKit.framework; path = System/Library/Frameworks/UIKit.framework; sourceTree = SDKROOT; };
		96E518CA18ECA50300604159 /* Foundation.framework */ = {isa = PBXFileReference; lastKnownFileType = wrapper.framework; name = Foundation.framework; path = System/Library/Frameworks/Foundation.framework; sourceTree = SDKROOT; };
		96E518CC18ECA50300604159 /* CoreGraphics.framework */ = {isa = PBXFileReference; lastKnownFileType = wrapper.framework; name = CoreGraphics.framework; path = System/Library/Frameworks/CoreGraphics.framework; sourceTree = SDKROOT; };
		96E518D018ECA50300604159 /* photoAlbum-Info.plist */ = {isa = PBXFileReference; lastKnownFileType = text.plist.xml; path = "photoAlbum-Info.plist"; sourceTree = "<group>"; };
		96E518D218ECA50300604159 /* en */ = {isa = PBXFileReference; lastKnownFileType = text.plist.strings; name = en; path = en.lproj/InfoPlist.strings; sourceTree = "<group>"; };
		96E518D418ECA50300604159 /* main.m */ = {isa = PBXFileReference; lastKnownFileType = sourcecode.c.objc; path = main.m; sourceTree = "<group>"; };
		96E518D618ECA50300604159 /* photoAlbum-Prefix.pch */ = {isa = PBXFileReference; lastKnownFileType = sourcecode.c.h; path = "photoAlbum-Prefix.pch"; sourceTree = "<group>"; };
		96E518D718ECA50300604159 /* AppDelegate.h */ = {isa = PBXFileReference; lastKnownFileType = sourcecode.c.h; path = AppDelegate.h; sourceTree = "<group>"; };
		96E518D818ECA50300604159 /* AppDelegate.m */ = {isa = PBXFileReference; lastKnownFileType = sourcecode.c.objc; path = AppDelegate.m; sourceTree = "<group>"; };
		96E518DA18ECA50300604159 /* Default.png */ = {isa = PBXFileReference; lastKnownFileType = image.png; path = Default.png; sourceTree = "<group>"; };
		96E518DC18ECA50300604159 /* Default@2x.png */ = {isa = PBXFileReference; lastKnownFileType = image.png; path = "Default@2x.png"; sourceTree = "<group>"; };
		96E518DE18ECA50300604159 /* Default-568h@2x.png */ = {isa = PBXFileReference; lastKnownFileType = image.png; path = "Default-568h@2x.png"; sourceTree = "<group>"; };
		96E518E118ECA50300604159 /* en */ = {isa = PBXFileReference; lastKnownFileType = file.storyboard; name = en; path = en.lproj/MainStoryboard.storyboard; sourceTree = "<group>"; };
		96E518E318ECA50300604159 /* albomViewController.h */ = {isa = PBXFileReference; lastKnownFileType = sourcecode.c.h; path = albomViewController.h; sourceTree = "<group>"; };
		96E518E418ECA50300604159 /* albomViewController.m */ = {isa = PBXFileReference; lastKnownFileType = sourcecode.c.objc; path = albomViewController.m; sourceTree = "<group>"; };
		96E518EB18ECA53C00604159 /* mySingleton.h */ = {isa = PBXFileReference; fileEncoding = 4; lastKnownFileType = sourcecode.c.h; path = mySingleton.h; sourceTree = "<group>"; };
		96E518EC18ECA53C00604159 /* mySingleton.m */ = {isa = PBXFileReference; fileEncoding = 4; lastKnownFileType = sourcecode.c.objc; path = mySingleton.m; sourceTree = "<group>"; };
		96E518F018ECA79100604159 /* FXImageView.h */ = {isa = PBXFileReference; fileEncoding = 4; lastKnownFileType = sourcecode.c.h; path = FXImageView.h; sourceTree = "<group>"; };
		96E518F118ECA79100604159 /* FXImageView.m */ = {isa = PBXFileReference; fileEncoding = 4; lastKnownFileType = sourcecode.c.objc; path = FXImageView.m; sourceTree = "<group>"; };
		96E518F218ECA79100604159 /* UIImage+FX.h */ = {isa = PBXFileReference; fileEncoding = 4; lastKnownFileType = sourcecode.c.h; path = "UIImage+FX.h"; sourceTree = "<group>"; };
		96E518F318ECA79100604159 /* UIImage+FX.m */ = {isa = PBXFileReference; fileEncoding = 4; lastKnownFileType = sourcecode.c.objc; path = "UIImage+FX.m"; sourceTree = "<group>"; };
		96E518F518ECA79100604159 /* iCarousel.h */ = {isa = PBXFileReference; fileEncoding = 4; lastKnownFileType = sourcecode.c.h; path = iCarousel.h; sourceTree = "<group>"; };
		96E518F618ECA79100604159 /* iCarousel.m */ = {isa = PBXFileReference; fileEncoding = 4; lastKnownFileType = sourcecode.c.objc; path = iCarousel.m; sourceTree = "<group>"; };
		96E518FA18ECA94A00604159 /* QuartzCore.framework */ = {isa = PBXFileReference; lastKnownFileType = wrapper.framework; name = QuartzCore.framework; path = System/Library/Frameworks/QuartzCore.framework; sourceTree = SDKROOT; };
		96E518FC18ECB40F00604159 /* photoViewController.h */ = {isa = PBXFileReference; fileEncoding = 4; lastKnownFileType = sourcecode.c.h; path = photoViewController.h; sourceTree = "<group>"; };
		96E518FD18ECB40F00604159 /* photoViewController.m */ = {isa = PBXFileReference; fileEncoding = 4; lastKnownFileType = sourcecode.c.objc; path = photoViewController.m; sourceTree = "<group>"; };
/* End PBXFileReference section */

/* Begin PBXFrameworksBuildPhase section */
		96E518C218ECA50300604159 /* Frameworks */ = {
			isa = PBXFrameworksBuildPhase;
			buildActionMask = 2147483647;
			files = (
				96E518FB18ECA94A00604159 /* QuartzCore.framework in Frameworks */,
				96E518C918ECA50300604159 /* UIKit.framework in Frameworks */,
				96E518CB18ECA50300604159 /* Foundation.framework in Frameworks */,
				96E518CD18ECA50300604159 /* CoreGraphics.framework in Frameworks */,
			);
			runOnlyForDeploymentPostprocessing = 0;
		};
/* End PBXFrameworksBuildPhase section */

/* Begin PBXGroup section */
		84F9325E18EEE6630006B2AB /* QBPopupMenu */ = {
			isa = PBXGroup;
			children = (
				84F9325F18EEE6630006B2AB /* QBPopupMenu.h */,
				84F9326018EEE6630006B2AB /* QBPopupMenu.m */,
				84F9326118EEE6630006B2AB /* QBPopupMenuItem.h */,
				84F9326218EEE6630006B2AB /* QBPopupMenuItem.m */,
				84F9326318EEE6630006B2AB /* QBPopupMenuOverlayView.h */,
				84F9326418EEE6630006B2AB /* QBPopupMenuOverlayView.m */,
			);
			path = QBPopupMenu;
			sourceTree = "<group>";
		};
		9669020118F17FF70069FD14 /* images */ = {
			isa = PBXGroup;
			children = (
				96AC618F18F0A93200D978E9 /* defaultImageForAlbum.jpg */,
			);
			name = images;
			sourceTree = "<group>";
		};
		96E518BC18ECA50300604159 = {
			isa = PBXGroup;
			children = (
				96E518CE18ECA50300604159 /* photoAlbum */,
				96E518C718ECA50300604159 /* Frameworks */,
				96E518C618ECA50300604159 /* Products */,
			);
			sourceTree = "<group>";
		};
		96E518C618ECA50300604159 /* Products */ = {
			isa = PBXGroup;
			children = (
				96E518C518ECA50300604159 /* photoAlbum.app */,
			);
			name = Products;
			sourceTree = "<group>";
		};
		96E518C718ECA50300604159 /* Frameworks */ = {
			isa = PBXGroup;
			children = (
				96E518FA18ECA94A00604159 /* QuartzCore.framework */,
				96E518C818ECA50300604159 /* UIKit.framework */,
				96E518CA18ECA50300604159 /* Foundation.framework */,
				96E518CC18ECA50300604159 /* CoreGraphics.framework */,
			);
			name = Frameworks;
			sourceTree = "<group>";
		};
		96E518CE18ECA50300604159 /* photoAlbum */ = {
			isa = PBXGroup;
			children = (
				9669020118F17FF70069FD14 /* images */,
				84F9325E18EEE6630006B2AB /* QBPopupMenu */,
				96E518F418ECA79100604159 /* iCarousel */,
				96E518EE18ECA54700604159 /* mySingleton */,
				96E518D718ECA50300604159 /* AppDelegate.h */,
				96E518D818ECA50300604159 /* AppDelegate.m */,
				96E518E018ECA50300604159 /* MainStoryboard.storyboard */,
				96E518E318ECA50300604159 /* albomViewController.h */,
				96E518E418ECA50300604159 /* albomViewController.m */,
				96E518FC18ECB40F00604159 /* photoViewController.h */,
				96E518FD18ECB40F00604159 /* photoViewController.m */,
				96E518CF18ECA50300604159 /* Supporting Files */,
				84FF533C18ED6AC300A5A1E6 /* album.h */,
				84FF533D18ED6AC300A5A1E6 /* album.m */,
				9624FD7718EF574200771266 /* photo.h */,
				9624FD7818EF574300771266 /* photo.m */,
			);
			path = photoAlbum;
			sourceTree = "<group>";
		};
		96E518CF18ECA50300604159 /* Supporting Files */ = {
			isa = PBXGroup;
			children = (
				96E518D018ECA50300604159 /* photoAlbum-Info.plist */,
				96E518D118ECA50300604159 /* InfoPlist.strings */,
				96E518D418ECA50300604159 /* main.m */,
				96E518D618ECA50300604159 /* photoAlbum-Prefix.pch */,
				96E518DA18ECA50300604159 /* Default.png */,
				96E518DC18ECA50300604159 /* Default@2x.png */,
				96E518DE18ECA50300604159 /* Default-568h@2x.png */,
			);
			name = "Supporting Files";
			sourceTree = "<group>";
		};
		96E518EE18ECA54700604159 /* mySingleton */ = {
			isa = PBXGroup;
			children = (
				96E518EB18ECA53C00604159 /* mySingleton.h */,
				96E518EC18ECA53C00604159 /* mySingleton.m */,
			);
			name = mySingleton;
			sourceTree = "<group>";
		};
		96E518EF18ECA79100604159 /* FXImageView */ = {
			isa = PBXGroup;
			children = (
				96E518F018ECA79100604159 /* FXImageView.h */,
				96E518F118ECA79100604159 /* FXImageView.m */,
				96E518F218ECA79100604159 /* UIImage+FX.h */,
				96E518F318ECA79100604159 /* UIImage+FX.m */,
			);
			name = FXImageView;
			path = ../FXImageView;
			sourceTree = "<group>";
		};
		96E518F418ECA79100604159 /* iCarousel */ = {
			isa = PBXGroup;
			children = (
				96E518EF18ECA79100604159 /* FXImageView */,
				96E518F518ECA79100604159 /* iCarousel.h */,
				96E518F618ECA79100604159 /* iCarousel.m */,
			);
			path = iCarousel;
			sourceTree = "<group>";
		};
/* End PBXGroup section */

/* Begin PBXNativeTarget section */
		96E518C418ECA50300604159 /* photoAlbum */ = {
			isa = PBXNativeTarget;
			buildConfigurationList = 96E518E818ECA50300604159 /* Build configuration list for PBXNativeTarget "photoAlbum" */;
			buildPhases = (
				96E518C118ECA50300604159 /* Sources */,
				96E518C218ECA50300604159 /* Frameworks */,
				96E518C318ECA50300604159 /* Resources */,
			);
			buildRules = (
			);
			dependencies = (
			);
			name = photoAlbum;
			productName = photoAlbum;
			productReference = 96E518C518ECA50300604159 /* photoAlbum.app */;
			productType = "com.apple.product-type.application";
		};
/* End PBXNativeTarget section */

/* Begin PBXProject section */
		96E518BD18ECA50300604159 /* Project object */ = {
			isa = PBXProject;
			attributes = {
				LastUpgradeCheck = 0460;
				ORGANIZATIONNAME = moser;
			};
			buildConfigurationList = 96E518C018ECA50300604159 /* Build configuration list for PBXProject "photoAlbum" */;
			compatibilityVersion = "Xcode 3.2";
			developmentRegion = English;
			hasScannedForEncodings = 0;
			knownRegions = (
				en,
			);
			mainGroup = 96E518BC18ECA50300604159;
			productRefGroup = 96E518C618ECA50300604159 /* Products */;
			projectDirPath = "";
			projectRoot = "";
			targets = (
				96E518C418ECA50300604159 /* photoAlbum */,
			);
		};
/* End PBXProject section */

/* Begin PBXResourcesBuildPhase section */
		96E518C318ECA50300604159 /* Resources */ = {
			isa = PBXResourcesBuildPhase;
			buildActionMask = 2147483647;
			files = (
				96E518D318ECA50300604159 /* InfoPlist.strings in Resources */,
				96E518DB18ECA50300604159 /* Default.png in Resources */,
				96E518DD18ECA50300604159 /* Default@2x.png in Resources */,
				96E518DF18ECA50300604159 /* Default-568h@2x.png in Resources */,
				96E518E218ECA50300604159 /* MainStoryboard.storyboard in Resources */,
				96AC619018F0A93200D978E9 /* defaultImageForAlbum.jpg in Resources */,
			);
			runOnlyForDeploymentPostprocessing = 0;
		};
/* End PBXResourcesBuildPhase section */

/* Begin PBXSourcesBuildPhase section */
		96E518C118ECA50300604159 /* Sources */ = {
			isa = PBXSourcesBuildPhase;
			buildActionMask = 2147483647;
			files = (
				96E518D518ECA50300604159 /* main.m in Sources */,
				96E518D918ECA50300604159 /* AppDelegate.m in Sources */,
				96E518E518ECA50300604159 /* albomViewController.m in Sources */,
				96E518ED18ECA53C00604159 /* mySingleton.m in Sources */,
				96E518F718ECA79100604159 /* FXImageView.m in Sources */,
				96E518F818ECA79100604159 /* UIImage+FX.m in Sources */,
				96E518F918ECA79100604159 /* iCarousel.m in Sources */,
				96E518FE18ECB40F00604159 /* photoViewController.m in Sources */,
				84FF533E18ED6AC300A5A1E6 /* album.m in Sources */,
				84F9326518EEE6630006B2AB /* QBPopupMenu.m in Sources */,
				84F9326618EEE6630006B2AB /* QBPopupMenuItem.m in Sources */,
				84F9326718EEE6630006B2AB /* QBPopupMenuOverlayView.m in Sources */,
				9624FD7918EF574300771266 /* photo.m in Sources */,
			);
			runOnlyForDeploymentPostprocessing = 0;
		};
/* End PBXSourcesBuildPhase section */

/* Begin PBXVariantGroup section */
		96E518D118ECA50300604159 /* InfoPlist.strings */ = {
			isa = PBXVariantGroup;
			children = (
				96E518D218ECA50300604159 /* en */,
			);
			name = InfoPlist.strings;
			sourceTree = "<group>";
		};
		96E518E018ECA50300604159 /* MainStoryboard.storyboard */ = {
			isa = PBXVariantGroup;
			children = (
				96E518E118ECA50300604159 /* en */,
			);
			name = MainStoryboard.storyboard;
			sourceTree = "<group>";
		};
/* End PBXVariantGroup section */

/* Begin XCBuildConfiguration section */
		96E518E618ECA50300604159 /* Debug */ = {
			isa = XCBuildConfiguration;
			buildSettings = {
				ALWAYS_SEARCH_USER_PATHS = NO;
				CLANG_CXX_LANGUAGE_STANDARD = "gnu++0x";
				CLANG_CXX_LIBRARY = "libc++";
				CLANG_ENABLE_OBJC_ARC = YES;
				CLANG_WARN_CONSTANT_CONVERSION = YES;
				CLANG_WARN_EMPTY_BODY = YES;
				CLANG_WARN_ENUM_CONVERSION = YES;
				CLANG_WARN_INT_CONVERSION = YES;
				CLANG_WARN__DUPLICATE_METHOD_MATCH = YES;
				"CODE_SIGN_IDENTITY[sdk=iphoneos*]" = "iPhone Developer";
				COPY_PHASE_STRIP = NO;
				GCC_C_LANGUAGE_STANDARD = gnu99;
				GCC_DYNAMIC_NO_PIC = NO;
				GCC_OPTIMIZATION_LEVEL = 0;
				GCC_PREPROCESSOR_DEFINITIONS = (
					"DEBUG=1",
					"$(inherited)",
				);
				GCC_SYMBOLS_PRIVATE_EXTERN = NO;
				GCC_WARN_ABOUT_RETURN_TYPE = YES;
				GCC_WARN_UNINITIALIZED_AUTOS = YES;
				GCC_WARN_UNUSED_VARIABLE = YES;
				IPHONEOS_DEPLOYMENT_TARGET = 6.1;
				ONLY_ACTIVE_ARCH = YES;
				SDKROOT = iphoneos;
			};
			name = Debug;
		};
		96E518E718ECA50300604159 /* Release */ = {
			isa = XCBuildConfiguration;
			buildSettings = {
				ALWAYS_SEARCH_USER_PATHS = NO;
				CLANG_CXX_LANGUAGE_STANDARD = "gnu++0x";
				CLANG_CXX_LIBRARY = "libc++";
				CLANG_ENABLE_OBJC_ARC = YES;
				CLANG_WARN_CONSTANT_CONVERSION = YES;
				CLANG_WARN_EMPTY_BODY = YES;
				CLANG_WARN_ENUM_CONVERSION = YES;
				CLANG_WARN_INT_CONVERSION = YES;
				CLANG_WARN__DUPLICATE_METHOD_MATCH = YES;
				"CODE_SIGN_IDENTITY[sdk=iphoneos*]" = "iPhone Developer";
				COPY_PHASE_STRIP = YES;
				GCC_C_LANGUAGE_STANDARD = gnu99;
				GCC_WARN_ABOUT_RETURN_TYPE = YES;
				GCC_WARN_UNINITIALIZED_AUTOS = YES;
				GCC_WARN_UNUSED_VARIABLE = YES;
				IPHONEOS_DEPLOYMENT_TARGET = 6.1;
				OTHER_CFLAGS = "-DNS_BLOCK_ASSERTIONS=1";
				SDKROOT = iphoneos;
				VALIDATE_PRODUCT = YES;
			};
			name = Release;
		};
		96E518E918ECA50300604159 /* Debug */ = {
			isa = XCBuildConfiguration;
			buildSettings = {
				GCC_PRECOMPILE_PREFIX_HEADER = YES;
				GCC_PREFIX_HEADER = "photoAlbum/photoAlbum-Prefix.pch";
				INFOPLIST_FILE = "photoAlbum/photoAlbum-Info.plist";
				IPHONEOS_DEPLOYMENT_TARGET = 5.1;
				PRODUCT_NAME = "$(TARGET_NAME)";
				WRAPPER_EXTENSION = app;
			};
			name = Debug;
		};
		96E518EA18ECA50300604159 /* Release */ = {
			isa = XCBuildConfiguration;
			buildSettings = {
				GCC_PRECOMPILE_PREFIX_HEADER = YES;
				GCC_PREFIX_HEADER = "photoAlbum/photoAlbum-Prefix.pch";
				INFOPLIST_FILE = "photoAlbum/photoAlbum-Info.plist";
				IPHONEOS_DEPLOYMENT_TARGET = 5.1;
				PRODUCT_NAME = "$(TARGET_NAME)";
				WRAPPER_EXTENSION = app;
			};
			name = Release;
		};
/* End XCBuildConfiguration section */

/* Begin XCConfigurationList section */
		96E518C018ECA50300604159 /* Build configuration list for PBXProject "photoAlbum" */ = {
			isa = XCConfigurationList;
			buildConfigurations = (
				96E518E618ECA50300604159 /* Debug */,
				96E518E718ECA50300604159 /* Release */,
			);
			defaultConfigurationIsVisible = 0;
			defaultConfigurationName = Release;
		};
		96E518E818ECA50300604159 /* Build configuration list for PBXNativeTarget "photoAlbum" */ = {
			isa = XCConfigurationList;
			buildConfigurations = (
				96E518E918ECA50300604159 /* Debug */,
				96E518EA18ECA50300604159 /* Release */,
			);
			defaultConfigurationIsVisible = 0;
			defaultConfigurationName = Release;
		};
/* End XCConfigurationList section */
	};
	rootObject = 96E518BD18ECA50300604159 /* Project object */;
}
